# This file is generated by running "yarn install" inside your project.
# Manual changes might be lost - proceed with caution!

__metadata:
  version: 8
  cacheKey: 10c0

"bootstrap@npm:4.6.1":
  version: 4.6.1
  resolution: "bootstrap@npm:4.6.1"
  peerDependencies:
    jquery: 1.9.1 - 3
    popper.js: ^1.16.1
  checksum: 10c0/5a6a5d303234c7abaf517c32e3e8db7bf564747f438199d8b875a2a40912c56242439eacd27059d8abacd12dc617aebb41183905160d8c906eada6399580d288
  languageName: node
  linkType: hard

"datatables.net-bs4@npm:^2, datatables.net-bs4@npm:^2.3.4":
  version: 2.3.4
  resolution: "datatables.net-bs4@npm:2.3.4"
  dependencies:
    datatables.net: "npm:2.3.4"
    jquery: "npm:>=1.7"
  checksum: 10c0/b4b7027c932ee1e38aabf40cbb98c27fc44024f75582f063538068b7a56a9620753ec4ab26927b9e2c46cfa6fe02308a9cd8658426e27f41cd675846cbc91811
  languageName: node
  linkType: hard

"datatables.net-buttons-bs4@npm:^3.2.5":
  version: 3.2.5
  resolution: "datatables.net-buttons-bs4@npm:3.2.5"
  dependencies:
    datatables.net-bs4: "npm:^2"
    datatables.net-buttons: "npm:3.2.5"
    jquery: "npm:>=1.7"
  checksum: 10c0/d25a0c25d1181bb341460bf70ca1fc29a10c0b9e133adce18e963e399279879a86e9424f04a920cd3936f67e472941114573b9096235a95cf663476cca251296
  languageName: node
  linkType: hard

"datatables.net-buttons-dt@npm:^3.2.5":
  version: 3.2.5
  resolution: "datatables.net-buttons-dt@npm:3.2.5"
  dependencies:
    datatables.net-buttons: "npm:3.2.5"
    datatables.net-dt: "npm:^2"
    jquery: "npm:>=1.7"
  checksum: 10c0/69a242d9a1bfb1ca6c25c79a8a52293146a54ea14010677cbc443d6b0f57791548ea418c16be7628e37d5f7ec609747ea6f9d5377ec0006e9a576feccce019d8
  languageName: node
  linkType: hard

"datatables.net-buttons@npm:3.2.5, datatables.net-buttons@npm:^3.2.5":
  version: 3.2.5
  resolution: "datatables.net-buttons@npm:3.2.5"
  dependencies:
    datatables.net: "npm:^2"
    jquery: "npm:>=1.7"
  checksum: 10c0/61090b1e9b11e2f7cacfdaa34e08e56b094e42ca0744d95d9e77042c23f1f853b8fb24e34ced0b8b8b3bf4d3f8511fa6992e0d199f3dd95d654f12f9214a3cf6
  languageName: node
  linkType: hard

"datatables.net-dt@npm:^2":
  version: 2.3.4
  resolution: "datatables.net-dt@npm:2.3.4"
  dependencies:
    datatables.net: "npm:2.3.4"
    jquery: "npm:>=1.7"
  checksum: 10c0/9a6b27894ad50fb404c3665c87410309690179254694968ae4b2016bd2b8fdf0b229a760eeeafbb3d763bc997adeeb3e9b102a1d5dfba4f5648814c418a9f929
  languageName: node
  linkType: hard

"datatables.net@npm:2.3.4, datatables.net@npm:^2, datatables.net@npm:^2.3.4":
  version: 2.3.4
  resolution: "datatables.net@npm:2.3.4"
  dependencies:
    jquery: "npm:>=1.7"
  checksum: 10c0/8683653cf1aacb50cc637c799f73bc91e477ccbf49ec99859e991034ba43c8e01b9c5a245fadcb0d10cbba9dca69989a5a36e886212fb4c62d53cd6e38081287
  languageName: node
  linkType: hard

"django-helpdesk@workspace:.":
  version: 0.0.0-use.local
  resolution: "django-helpdesk@workspace:."
  dependencies:
    bootstrap: "npm:4.6.1"
    datatables.net: "npm:^2.3.4"
    datatables.net-bs4: "npm:^2.3.4"
    datatables.net-buttons: "npm:^3.2.5"
    datatables.net-buttons-bs4: "npm:^3.2.5"
    datatables.net-buttons-dt: "npm:^3.2.5"
    fontawesome-free: "npm:1.0.4"
    jquery: "npm:3.6.0"
    jquery-ui: "npm:1.14.1"
    metismenu: "npm:3.0.7"
    popper.js: "npm:1.16.1"
    raphael: "npm:2.3.0"
  languageName: unknown
  linkType: soft

"eve-raphael@npm:0.5.0":
  version: 0.5.0
  resolution: "eve-raphael@npm:0.5.0"
  checksum: 10c0/59e85704181c63c38fc084f478e64bc92771c444391162b8407bf72a65bb5f1b8c7ba03364bfd28dae5b9bce0eb4c970758c66bd9f6d9411f035d138a7bf5518
  languageName: node
  linkType: hard

"fontawesome-free@npm:1.0.4":
  version: 1.0.4
  resolution: "fontawesome-free@npm:1.0.4"
  checksum: 10c0/7c1079153d913dd90f58d32e40791fa65d52cada8cf18ebc64e9b7aab2a6bc521733c2b81697927ad1c229ee9ac255ae23881276ff04dd1ac75f93496724aa9b
  languageName: node
  linkType: hard

"jquery-ui@npm:1.14.1":
  version: 1.14.1
  resolution: "jquery-ui@npm:1.14.1"
  dependencies:
    jquery: "npm:>=1.12.0 <5.0.0"
  checksum: 10c0/cf7a3c0aac369e513d78bc5864bbafb6ddf85a43513ca5d00b11d65e2890a6618ff2ef5b8cb2925db9a6b7d0c2482d717fb10cc813e419024ae8bc457e18f51d
  languageName: node
  linkType: hard

"jquery@npm:3.6.0":
  version: 3.6.0
  resolution: "jquery@npm:3.6.0"
  checksum: 10c0/45a63f8376a8918087c0277b2394dd382fcacff765c41ccbb5009a9336f8c971bf41c6a0519062edc1dff6333d96959c3a3ec55c95eb6c94d5372253d6cbf82f
  languageName: node
  linkType: hard

"jquery@npm:>=1.12.0 <5.0.0, jquery@npm:>=1.7":
  version: 3.7.1
  resolution: "jquery@npm:3.7.1"
  checksum: 10c0/808cfbfb758438560224bf26e17fcd5afc7419170230c810dd11f5c1792e2263e2970cca8d659eb84fcd9acc301edb6d310096e450277d54be4f57071b0c82d9
  languageName: node
  linkType: hard

"metismenu@npm:3.0.7":
  version: 3.0.7
  resolution: "metismenu@npm:3.0.7"
  peerDependencies:
    jquery: ^3.4.1
  checksum: 10c0/5e31a2e117c8f9e4feabdfaee9dda2b5b2a75f71966bb5d2864575d17cc6c5e0e5b6354644346d8b1d31e9418609143c5d29fd5d5ead63135da881d3a5589f33
  languageName: node
  linkType: hard

"popper.js@npm:1.16.1":
  version: 1.16.1
  resolution: "popper.js@npm:1.16.1"
  checksum: 10c0/1c1a826f757edb5b8c2049dfd7a9febf6ae1e9d0e51342fc715b49a0c1020fced250d26484619883651e097c5764bbcacd2f31496e3646027f079dd83e072681
  languageName: node
  linkType: hard

"raphael@npm:2.3.0":
  version: 2.3.0
  resolution: "raphael@npm:2.3.0"
  dependencies:
    eve-raphael: "npm:0.5.0"
  checksum: 10c0/187dccb25eefba5680af5e641e73b7e5343532fc1bb7ee3910da519af87867b7d768264e2071ead68800ce1dbec59ab3a1a30fe1f2c2a546d541a16694f083c9
  languageName: node
  linkType: hard
